
Microsoft Visual Studio Solution File, Format Version 12.00
# Visual Studio 14
VisualStudioVersion = 14.0.25420.1
MinimumVisualStudioVersion = 10.0.40219.1
Project("{2150E333-8FDC-42A3-9474-1A3956D46DE8}") = "AbstractFactory", "AbstractFactory", "{DA21F8DB-047F-4332-A61F-BDEB78905441}"
EndProject
Project("{2150E333-8FDC-42A3-9474-1A3956D46DE8}") = "FactoryMethod", "FactoryMethod", "{2E961C95-6CF8-4291-97CD-CE1F4330DEA4}"
EndProject
Project("{2150E333-8FDC-42A3-9474-1A3956D46DE8}") = "Builder", "Builder", "{2F7415A9-3A30-435E-B8E1-6970B50C5165}"
EndProject
Project("{2150E333-8FDC-42A3-9474-1A3956D46DE8}") = "Creational", "Creational", "{30269282-0703-4C22-A2C1-052F4BA79D69}"
EndProject
Project("{FAE04EC0-301F-11D3-BF4B-00C04F79EFBC}") = "AbstractFactoryTest", "Creational\AbstractFactory\AbstractFactoryTest\AbstractFactoryTest.csproj", "{D256BD1B-86B6-4D4A-8969-6FFD29BE7A3A}"
EndProject
Project("{FAE04EC0-301F-11D3-BF4B-00C04F79EFBC}") = "OrdemCarga.Core", "Creational\AbstractFactory\OrdemCarga.Core\OrdemCarga.Core.csproj", "{14DD1692-7C45-4846-850F-D83F94CF9505}"
EndProject
Project("{FAE04EC0-301F-11D3-BF4B-00C04F79EFBC}") = "OrdemCargaFactory", "Creational\AbstractFactory\CarroFactory\OrdemCargaFactory.csproj", "{A47D94D2-7A3E-411B-918D-A2FC4AF84253}"
EndProject
Project("{FAE04EC0-301F-11D3-BF4B-00C04F79EFBC}") = "OrdemCargaTest", "Creational\FactoryMethod\OrdemCargaTest\OrdemCargaTest.csproj", "{504585E8-1E05-440C-81F2-E5D8F42514AA}"
EndProject
Project("{FAE04EC0-301F-11D3-BF4B-00C04F79EFBC}") = "OrdemCarga", "Creational\FactoryMethod\OrdemCarga\OrdemCarga.csproj", "{50B745DB-CEA8-4DA4-8965-78E6D8D78FEF}"
EndProject
Project("{FAE04EC0-301F-11D3-BF4B-00C04F79EFBC}") = "OrdemCarga.Core", "Creational\FactoryMethod\OrdemCarga.Core\OrdemCarga.Core.csproj", "{F813FC53-0EC3-483D-B8CA-B84133A759E5}"
EndProject
Project("{FAE04EC0-301F-11D3-BF4B-00C04F79EFBC}") = "Builder", "Creational\Builder\Builder\Builder.csproj", "{C454D0DF-011E-4ADD-9F55-58B501B94E5D}"
EndProject
Project("{FAE04EC0-301F-11D3-BF4B-00C04F79EFBC}") = "BuilderConsole", "Creational\Builder\BuilderConsole\BuilderConsole.csproj", "{D3CEEA1F-DAA0-42FE-8FF5-1A7E47FAE65B}"
EndProject
Project("{FAE04EC0-301F-11D3-BF4B-00C04F79EFBC}") = "Builder.Core", "Creational\Builder\Builder.Core\Builder.Core.csproj", "{1DC12204-C241-4710-AE2E-AD873EDAE555}"
EndProject
Project("{2150E333-8FDC-42A3-9474-1A3956D46DE8}") = "Prototype", "Prototype", "{9FC32294-229A-4502-93A8-60DD37F3D4A2}"
EndProject
Project("{FAE04EC0-301F-11D3-BF4B-00C04F79EFBC}") = "PrototypeExample.Core", "Creational\Prototype\PrototypeExample.Core\PrototypeExample.Core.csproj", "{44ABC921-E8D5-4803-98DE-8FF52DFCC4A1}"
EndProject
Project("{FAE04EC0-301F-11D3-BF4B-00C04F79EFBC}") = "PrototypeExample", "Creational\Prototype\PrototypeExample\PrototypeExample.csproj", "{4A9D57C1-217E-4151-917C-B1632A992BCE}"
EndProject
Project("{FAE04EC0-301F-11D3-BF4B-00C04F79EFBC}") = "PrototypeExample.Test", "Creational\Prototype\PrototypeExample.Test\PrototypeExample.Test.csproj", "{5DCF922A-7FD8-465F-98A0-3B30ED9B9D19}"
EndProject
Project("{2150E333-8FDC-42A3-9474-1A3956D46DE8}") = "Singleton", "Singleton", "{D321B889-5006-4241-BFE2-876892CD545F}"
EndProject
Project("{FAE04EC0-301F-11D3-BF4B-00C04F79EFBC}") = "SingletonExample", "Creational\Singleton\SingletonExample\SingletonExample.csproj", "{90BCD1FF-BF49-4082-A987-44C13356BC35}"
EndProject
Project("{FAE04EC0-301F-11D3-BF4B-00C04F79EFBC}") = "SingletonExample.Test", "Creational\Singleton\SingletonExample.Test\SingletonExample.Test.csproj", "{7187A417-B9C8-4964-BA02-2809498E5B15}"
EndProject
Project("{2150E333-8FDC-42A3-9474-1A3956D46DE8}") = "Structural", "Structural", "{7F75A246-1D74-42DC-8059-83A065A04400}"
EndProject
Global
	GlobalSection(SolutionConfigurationPlatforms) = preSolution
		Debug|Any CPU = Debug|Any CPU
		Release|Any CPU = Release|Any CPU
	EndGlobalSection
	GlobalSection(ProjectConfigurationPlatforms) = postSolution
		{D256BD1B-86B6-4D4A-8969-6FFD29BE7A3A}.Debug|Any CPU.ActiveCfg = Debug|Any CPU
		{D256BD1B-86B6-4D4A-8969-6FFD29BE7A3A}.Debug|Any CPU.Build.0 = Debug|Any CPU
		{D256BD1B-86B6-4D4A-8969-6FFD29BE7A3A}.Release|Any CPU.ActiveCfg = Release|Any CPU
		{D256BD1B-86B6-4D4A-8969-6FFD29BE7A3A}.Release|Any CPU.Build.0 = Release|Any CPU
		{14DD1692-7C45-4846-850F-D83F94CF9505}.Debug|Any CPU.ActiveCfg = Debug|Any CPU
		{14DD1692-7C45-4846-850F-D83F94CF9505}.Debug|Any CPU.Build.0 = Debug|Any CPU
		{14DD1692-7C45-4846-850F-D83F94CF9505}.Release|Any CPU.ActiveCfg = Release|Any CPU
		{14DD1692-7C45-4846-850F-D83F94CF9505}.Release|Any CPU.Build.0 = Release|Any CPU
		{A47D94D2-7A3E-411B-918D-A2FC4AF84253}.Debug|Any CPU.ActiveCfg = Debug|Any CPU
		{A47D94D2-7A3E-411B-918D-A2FC4AF84253}.Debug|Any CPU.Build.0 = Debug|Any CPU
		{A47D94D2-7A3E-411B-918D-A2FC4AF84253}.Release|Any CPU.ActiveCfg = Release|Any CPU
		{A47D94D2-7A3E-411B-918D-A2FC4AF84253}.Release|Any CPU.Build.0 = Release|Any CPU
		{504585E8-1E05-440C-81F2-E5D8F42514AA}.Debug|Any CPU.ActiveCfg = Debug|Any CPU
		{504585E8-1E05-440C-81F2-E5D8F42514AA}.Debug|Any CPU.Build.0 = Debug|Any CPU
		{504585E8-1E05-440C-81F2-E5D8F42514AA}.Release|Any CPU.ActiveCfg = Release|Any CPU
		{504585E8-1E05-440C-81F2-E5D8F42514AA}.Release|Any CPU.Build.0 = Release|Any CPU
		{50B745DB-CEA8-4DA4-8965-78E6D8D78FEF}.Debug|Any CPU.ActiveCfg = Debug|Any CPU
		{50B745DB-CEA8-4DA4-8965-78E6D8D78FEF}.Debug|Any CPU.Build.0 = Debug|Any CPU
		{50B745DB-CEA8-4DA4-8965-78E6D8D78FEF}.Release|Any CPU.ActiveCfg = Release|Any CPU
		{50B745DB-CEA8-4DA4-8965-78E6D8D78FEF}.Release|Any CPU.Build.0 = Release|Any CPU
		{F813FC53-0EC3-483D-B8CA-B84133A759E5}.Debug|Any CPU.ActiveCfg = Debug|Any CPU
		{F813FC53-0EC3-483D-B8CA-B84133A759E5}.Debug|Any CPU.Build.0 = Debug|Any CPU
		{F813FC53-0EC3-483D-B8CA-B84133A759E5}.Release|Any CPU.ActiveCfg = Release|Any CPU
		{F813FC53-0EC3-483D-B8CA-B84133A759E5}.Release|Any CPU.Build.0 = Release|Any CPU
		{C454D0DF-011E-4ADD-9F55-58B501B94E5D}.Debug|Any CPU.ActiveCfg = Debug|Any CPU
		{C454D0DF-011E-4ADD-9F55-58B501B94E5D}.Debug|Any CPU.Build.0 = Debug|Any CPU
		{C454D0DF-011E-4ADD-9F55-58B501B94E5D}.Release|Any CPU.ActiveCfg = Release|Any CPU
		{C454D0DF-011E-4ADD-9F55-58B501B94E5D}.Release|Any CPU.Build.0 = Release|Any CPU
		{D3CEEA1F-DAA0-42FE-8FF5-1A7E47FAE65B}.Debug|Any CPU.ActiveCfg = Debug|Any CPU
		{D3CEEA1F-DAA0-42FE-8FF5-1A7E47FAE65B}.Debug|Any CPU.Build.0 = Debug|Any CPU
		{D3CEEA1F-DAA0-42FE-8FF5-1A7E47FAE65B}.Release|Any CPU.ActiveCfg = Release|Any CPU
		{D3CEEA1F-DAA0-42FE-8FF5-1A7E47FAE65B}.Release|Any CPU.Build.0 = Release|Any CPU
		{1DC12204-C241-4710-AE2E-AD873EDAE555}.Debug|Any CPU.ActiveCfg = Debug|Any CPU
		{1DC12204-C241-4710-AE2E-AD873EDAE555}.Debug|Any CPU.Build.0 = Debug|Any CPU
		{1DC12204-C241-4710-AE2E-AD873EDAE555}.Release|Any CPU.ActiveCfg = Release|Any CPU
		{1DC12204-C241-4710-AE2E-AD873EDAE555}.Release|Any CPU.Build.0 = Release|Any CPU
		{44ABC921-E8D5-4803-98DE-8FF52DFCC4A1}.Debug|Any CPU.ActiveCfg = Debug|Any CPU
		{44ABC921-E8D5-4803-98DE-8FF52DFCC4A1}.Debug|Any CPU.Build.0 = Debug|Any CPU
		{44ABC921-E8D5-4803-98DE-8FF52DFCC4A1}.Release|Any CPU.ActiveCfg = Release|Any CPU
		{44ABC921-E8D5-4803-98DE-8FF52DFCC4A1}.Release|Any CPU.Build.0 = Release|Any CPU
		{4A9D57C1-217E-4151-917C-B1632A992BCE}.Debug|Any CPU.ActiveCfg = Debug|Any CPU
		{4A9D57C1-217E-4151-917C-B1632A992BCE}.Debug|Any CPU.Build.0 = Debug|Any CPU
		{4A9D57C1-217E-4151-917C-B1632A992BCE}.Release|Any CPU.ActiveCfg = Release|Any CPU
		{4A9D57C1-217E-4151-917C-B1632A992BCE}.Release|Any CPU.Build.0 = Release|Any CPU
		{5DCF922A-7FD8-465F-98A0-3B30ED9B9D19}.Debug|Any CPU.ActiveCfg = Debug|Any CPU
		{5DCF922A-7FD8-465F-98A0-3B30ED9B9D19}.Debug|Any CPU.Build.0 = Debug|Any CPU
		{5DCF922A-7FD8-465F-98A0-3B30ED9B9D19}.Release|Any CPU.ActiveCfg = Release|Any CPU
		{5DCF922A-7FD8-465F-98A0-3B30ED9B9D19}.Release|Any CPU.Build.0 = Release|Any CPU
		{90BCD1FF-BF49-4082-A987-44C13356BC35}.Debug|Any CPU.ActiveCfg = Debug|Any CPU
		{90BCD1FF-BF49-4082-A987-44C13356BC35}.Debug|Any CPU.Build.0 = Debug|Any CPU
		{90BCD1FF-BF49-4082-A987-44C13356BC35}.Release|Any CPU.ActiveCfg = Release|Any CPU
		{90BCD1FF-BF49-4082-A987-44C13356BC35}.Release|Any CPU.Build.0 = Release|Any CPU
		{7187A417-B9C8-4964-BA02-2809498E5B15}.Debug|Any CPU.ActiveCfg = Debug|Any CPU
		{7187A417-B9C8-4964-BA02-2809498E5B15}.Debug|Any CPU.Build.0 = Debug|Any CPU
		{7187A417-B9C8-4964-BA02-2809498E5B15}.Release|Any CPU.ActiveCfg = Release|Any CPU
		{7187A417-B9C8-4964-BA02-2809498E5B15}.Release|Any CPU.Build.0 = Release|Any CPU
	EndGlobalSection
	GlobalSection(SolutionProperties) = preSolution
		HideSolutionNode = FALSE
	EndGlobalSection
	GlobalSection(NestedProjects) = preSolution
		{DA21F8DB-047F-4332-A61F-BDEB78905441} = {30269282-0703-4C22-A2C1-052F4BA79D69}
		{2E961C95-6CF8-4291-97CD-CE1F4330DEA4} = {30269282-0703-4C22-A2C1-052F4BA79D69}
		{2F7415A9-3A30-435E-B8E1-6970B50C5165} = {30269282-0703-4C22-A2C1-052F4BA79D69}
		{D256BD1B-86B6-4D4A-8969-6FFD29BE7A3A} = {DA21F8DB-047F-4332-A61F-BDEB78905441}
		{14DD1692-7C45-4846-850F-D83F94CF9505} = {DA21F8DB-047F-4332-A61F-BDEB78905441}
		{A47D94D2-7A3E-411B-918D-A2FC4AF84253} = {DA21F8DB-047F-4332-A61F-BDEB78905441}
		{504585E8-1E05-440C-81F2-E5D8F42514AA} = {2E961C95-6CF8-4291-97CD-CE1F4330DEA4}
		{50B745DB-CEA8-4DA4-8965-78E6D8D78FEF} = {2E961C95-6CF8-4291-97CD-CE1F4330DEA4}
		{F813FC53-0EC3-483D-B8CA-B84133A759E5} = {2E961C95-6CF8-4291-97CD-CE1F4330DEA4}
		{C454D0DF-011E-4ADD-9F55-58B501B94E5D} = {2F7415A9-3A30-435E-B8E1-6970B50C5165}
		{D3CEEA1F-DAA0-42FE-8FF5-1A7E47FAE65B} = {2F7415A9-3A30-435E-B8E1-6970B50C5165}
		{1DC12204-C241-4710-AE2E-AD873EDAE555} = {2F7415A9-3A30-435E-B8E1-6970B50C5165}
		{9FC32294-229A-4502-93A8-60DD37F3D4A2} = {30269282-0703-4C22-A2C1-052F4BA79D69}
		{44ABC921-E8D5-4803-98DE-8FF52DFCC4A1} = {9FC32294-229A-4502-93A8-60DD37F3D4A2}
		{4A9D57C1-217E-4151-917C-B1632A992BCE} = {9FC32294-229A-4502-93A8-60DD37F3D4A2}
		{5DCF922A-7FD8-465F-98A0-3B30ED9B9D19} = {9FC32294-229A-4502-93A8-60DD37F3D4A2}
		{D321B889-5006-4241-BFE2-876892CD545F} = {30269282-0703-4C22-A2C1-052F4BA79D69}
		{90BCD1FF-BF49-4082-A987-44C13356BC35} = {D321B889-5006-4241-BFE2-876892CD545F}
		{7187A417-B9C8-4964-BA02-2809498E5B15} = {D321B889-5006-4241-BFE2-876892CD545F}
	EndGlobalSection
EndGlobal
